PODS:
  - Alamofire (4.4.0)
  - BFRImageViewer (1.0.29):
    - DACircularProgress
    - PINRemoteImage (~> 3.0.0-beta.7)
  - DACircularProgress (2.3.1)
  - FLAnimatedImage (1.0.12)
  - IQKeyboardManagerSwift (4.0.9)
  - MBProgressHUD (1.0.0)
  - PDFReader (2.4.0)
  - PINCache (3.0.1-beta.4):
    - PINCache/Arc-exception-safe (= 3.0.1-beta.4)
    - PINCache/Core (= 3.0.1-beta.4)
  - PINCache/Arc-exception-safe (3.0.1-beta.4):
    - PINCache/Core
  - PINCache/Core (3.0.1-beta.4):
    - PINOperation (= 1.0.3)
  - PINOperation (1.0.3)
  - PINRemoteImage (3.0.0-beta.9):
    - PINRemoteImage/FLAnimatedImage (= 3.0.0-beta.9)
    - PINRemoteImage/PINCache (= 3.0.0-beta.9)
  - PINRemoteImage/Core (3.0.0-beta.9):
    - PINOperation
  - PINRemoteImage/FLAnimatedImage (3.0.0-beta.9):
    - FLAnimatedImage (>= 1.0)
    - PINRemoteImage/Core
  - PINRemoteImage/PINCache (3.0.0-beta.9):
    - PINCache (= 3.0.1-beta.4)
    - PINRemoteImage/Core
  - SideMenu (2.3.1)
  - SwiftyJSON (3.1.4)
  - XLPagerTabStrip (7.0.0)

DEPENDENCIES:
  - Alamofire (~> 4.4)
  - BFRImageViewer
  - IQKeyboardManagerSwift
  - MBProgressHUD (~> 1.0.0)
  - PDFReader
  - SideMenu
  - SwiftyJSON
  - XLPagerTabStrip (~> 7.0)

SPEC CHECKSUMS:
  Alamofire: dc44b1600b800eb63da6a19039a0083d62a6a62d
  BFRImageViewer: 797f0321fb5a1911d7a8d8da57fa008f513f7b45
  DACircularProgress: 4dd437c0fc3da5161cb289e07ac449493d41db71
  FLAnimatedImage: 4a0b56255d9b05f18b6dd7ee06871be5d3b89e31
  IQKeyboardManagerSwift: 2eefe6c429b86aa08bfbc1b5c891164d754adf91
  MBProgressHUD: 4890f671c94e8a0f3cf959aa731e9de2f036d71a
  PDFReader: 0bb6be11c8876c6cea2598f0a0ab9b6640a8a018
  PINCache: a89c8f609232afac77128557bd12c861844423d7
  PINOperation: ac23db44796d4a564ecf9b5ea7163510f579b71d
  PINRemoteImage: e4e02e15a6f96cedbcef2abf1c9c1228dc9897d7
  SideMenu: 2a3c3da0b3d5f78a047b2271bb7398260fcd7e3d
  SwiftyJSON: c2842d878f95482ffceec5709abc3d05680c0220
  XLPagerTabStrip: 9be80a66c6b7d60306b2c0a6004965016d68f813

PODFILE CHECKSUM: eb749df18f4f547ee2274c67f00b1806d994dc93

COCOAPODS: 1.2.0
