// !$*UTF8*$!
{
	archiveVersion = 1;
	classes = {
	};
	objectVersion = 46;
	objects = {

/* Begin PBXBuildFile section */
		0A93942558AFF14E5F3730EC /* Pods_BEN_AppsUITests.framework in Frameworks */ = {isa = PBXBuildFile; fileRef = FCFA2F938E883F55D14BBC95 /* Pods_BEN_AppsUITests.framework */; };
		2A00BC251E938280004DFA1A /* Extension.swift in Sources */ = {isa = PBXBuildFile; fileRef = 2A00BC241E938280004DFA1A /* Extension.swift */; };
		2A00BC271E9392F5004DFA1A /* BenTalkCell.swift in Sources */ = {isa = PBXBuildFile; fileRef = 2A00BC261E9392F5004DFA1A /* BenTalkCell.swift */; };
		2A07A22D1EA4E31E00435597 /* DrawerViewController.swift in Sources */ = {isa = PBXBuildFile; fileRef = 2A07A22C1EA4E31E00435597 /* DrawerViewController.swift */; };
		2A11F0C01EB07ADB0014605B /* RankBoardCell.swift in Sources */ = {isa = PBXBuildFile; fileRef = 2A11F0BF1EB07ADB0014605B /* RankBoardCell.swift */; };
		2A11F0C21EB07AF30014605B /* RankBoardViewController.swift in Sources */ = {isa = PBXBuildFile; fileRef = 2A11F0C11EB07AF30014605B /* RankBoardViewController.swift */; };
		2A1546081E92112700A01417 /* HomeTabController.swift in Sources */ = {isa = PBXBuildFile; fileRef = 2A1546071E92112700A01417 /* HomeTabController.swift */; };
		2A15460B1E9217E100A01417 /* BenTalkViewController.swift in Sources */ = {isa = PBXBuildFile; fileRef = 2A15460A1E9217E100A01417 /* BenTalkViewController.swift */; };
		2A15460D1E9217F000A01417 /* NewsViewController.swift in Sources */ = {isa = PBXBuildFile; fileRef = 2A15460C1E9217F000A01417 /* NewsViewController.swift */; };
		2A15460F1E9217FA00A01417 /* TellUsViewController.swift in Sources */ = {isa = PBXBuildFile; fileRef = 2A15460E1E9217FA00A01417 /* TellUsViewController.swift */; };
		2A58E1B31E7FB11800BDD422 /* LoginRegisterController.swift in Sources */ = {isa = PBXBuildFile; fileRef = 2A58E1B21E7FB11800BDD422 /* LoginRegisterController.swift */; };
		2A58E1B61E7FC91700BDD422 /* TextField.swift in Sources */ = {isa = PBXBuildFile; fileRef = 2A58E1B51E7FC91700BDD422 /* TextField.swift */; };
		2A58E1B81E7FE6C700BDD422 /* RegisterViewController.swift in Sources */ = {isa = PBXBuildFile; fileRef = 2A58E1B71E7FE6C700BDD422 /* RegisterViewController.swift */; };
		2A81F3001EC045B000E488AF /* HotTopicFrontTableViewController.swift in Sources */ = {isa = PBXBuildFile; fileRef = 2A81F2FF1EC045B000E488AF /* HotTopicFrontTableViewController.swift */; };
		2A9F3A4C1EA6079D00A817B0 /* QuizViewController.swift in Sources */ = {isa = PBXBuildFile; fileRef = 2A9F3A4B1EA6079D00A817B0 /* QuizViewController.swift */; };
		2A9F3A501EA6138B00A817B0 /* UpstreamScheduleViewController.swift in Sources */ = {isa = PBXBuildFile; fileRef = 2A9F3A4F1EA6138B00A817B0 /* UpstreamScheduleViewController.swift */; };
		2A9F3A521EA615B500A817B0 /* UpstreamScheduleCell.swift in Sources */ = {isa = PBXBuildFile; fileRef = 2A9F3A511EA615B500A817B0 /* UpstreamScheduleCell.swift */; };
		2AAD04FF1E7BB6C7007FF4AB /* AppDelegate.swift in Sources */ = {isa = PBXBuildFile; fileRef = 2AAD04FE1E7BB6C7007FF4AB /* AppDelegate.swift */; };
		2AAD05041E7BB6C7007FF4AB /* Main.storyboard in Resources */ = {isa = PBXBuildFile; fileRef = 2AAD05021E7BB6C7007FF4AB /* Main.storyboard */; };
		2AAD05061E7BB6C7007FF4AB /* Assets.xcassets in Resources */ = {isa = PBXBuildFile; fileRef = 2AAD05051E7BB6C7007FF4AB /* Assets.xcassets */; };
		2AAD05091E7BB6C7007FF4AB /* LaunchScreen.storyboard in Resources */ = {isa = PBXBuildFile; fileRef = 2AAD05071E7BB6C7007FF4AB /* LaunchScreen.storyboard */; };
		2AAD05141E7BB6C7007FF4AB /* BEN_AppsTests.swift in Sources */ = {isa = PBXBuildFile; fileRef = 2AAD05131E7BB6C7007FF4AB /* BEN_AppsTests.swift */; };
		2AAD051F1E7BB6C7007FF4AB /* BEN_AppsUITests.swift in Sources */ = {isa = PBXBuildFile; fileRef = 2AAD051E1E7BB6C7007FF4AB /* BEN_AppsUITests.swift */; };
		2AB3C0F91E823924002D9B3A /* TextViewClickable.swift in Sources */ = {isa = PBXBuildFile; fileRef = 2AB3C0F81E823924002D9B3A /* TextViewClickable.swift */; };
		2ADF67D71E923A35002855AD /* BenTalkCell.xib in Resources */ = {isa = PBXBuildFile; fileRef = 2ADF67D61E923A35002855AD /* BenTalkCell.xib */; };
		2ADF67D91E923DB9002855AD /* TellUsCell.xib in Resources */ = {isa = PBXBuildFile; fileRef = 2ADF67D81E923DB9002855AD /* TellUsCell.xib */; };
		45F849729440E1DB11017398 /* Pods_BEN_AppsTests.framework in Frameworks */ = {isa = PBXBuildFile; fileRef = 2C293CC49BE40C1393479D78 /* Pods_BEN_AppsTests.framework */; };
		7414660B4B3BFF45A3B455AC /* Pods_BEN_Apps.framework in Frameworks */ = {isa = PBXBuildFile; fileRef = D9108D25A8DFDCF38DB1F7A2 /* Pods_BEN_Apps.framework */; };
/* End PBXBuildFile section */

/* Begin PBXContainerItemProxy section */
		2AAD05101E7BB6C7007FF4AB /* PBXContainerItemProxy */ = {
			isa = PBXContainerItemProxy;
			containerPortal = 2AAD04F31E7BB6C7007FF4AB /* Project object */;
			proxyType = 1;
			remoteGlobalIDString = 2AAD04FA1E7BB6C7007FF4AB;
			remoteInfo = "BEN Apps";
		};
		2AAD051B1E7BB6C7007FF4AB /* PBXContainerItemProxy */ = {
			isa = PBXContainerItemProxy;
			containerPortal = 2AAD04F31E7BB6C7007FF4AB /* Project object */;
			proxyType = 1;
			remoteGlobalIDString = 2AAD04FA1E7BB6C7007FF4AB;
			remoteInfo = "BEN Apps";
		};
/* End PBXContainerItemProxy section */

/* Begin PBXFileReference section */
		1DC252B192D04C6EA42326BC /* Pods-BEN AppsUITests.release.xcconfig */ = {isa = PBXFileReference; includeInIndex = 1; lastKnownFileType = text.xcconfig; name = "Pods-BEN AppsUITests.release.xcconfig"; path = "Pods/Target Support Files/Pods-BEN AppsUITests/Pods-BEN AppsUITests.release.xcconfig"; sourceTree = "<group>"; };
		2A00BC241E938280004DFA1A /* Extension.swift */ = {isa = PBXFileReference; fileEncoding = 4; lastKnownFileType = sourcecode.swift; path = Extension.swift; sourceTree = "<group>"; };
		2A00BC261E9392F5004DFA1A /* BenTalkCell.swift */ = {isa = PBXFileReference; fileEncoding = 4; lastKnownFileType = sourcecode.swift; path = BenTalkCell.swift; sourceTree = "<group>"; };
		2A07A22C1EA4E31E00435597 /* DrawerViewController.swift */ = {isa = PBXFileReference; fileEncoding = 4; lastKnownFileType = sourcecode.swift; path = DrawerViewController.swift; sourceTree = "<group>"; };
		2A11F0BF1EB07ADB0014605B /* RankBoardCell.swift */ = {isa = PBXFileReference; fileEncoding = 4; lastKnownFileType = sourcecode.swift; path = RankBoardCell.swift; sourceTree = "<group>"; };
		2A11F0C11EB07AF30014605B /* RankBoardViewController.swift */ = {isa = PBXFileReference; fileEncoding = 4; lastKnownFileType = sourcecode.swift; path = RankBoardViewController.swift; sourceTree = "<group>"; };
		2A1546071E92112700A01417 /* HomeTabController.swift */ = {isa = PBXFileReference; fileEncoding = 4; lastKnownFileType = sourcecode.swift; path = HomeTabController.swift; sourceTree = "<group>"; };
		2A15460A1E9217E100A01417 /* BenTalkViewController.swift */ = {isa = PBXFileReference; fileEncoding = 4; lastKnownFileType = sourcecode.swift; path = BenTalkViewController.swift; sourceTree = "<group>"; };
		2A15460C1E9217F000A01417 /* NewsViewController.swift */ = {isa = PBXFileReference; fileEncoding = 4; lastKnownFileType = sourcecode.swift; path = NewsViewController.swift; sourceTree = "<group>"; };
		2A15460E1E9217FA00A01417 /* TellUsViewController.swift */ = {isa = PBXFileReference; fileEncoding = 4; lastKnownFileType = sourcecode.swift; path = TellUsViewController.swift; sourceTree = "<group>"; };
		2A58E1B21E7FB11800BDD422 /* LoginRegisterController.swift */ = {isa = PBXFileReference; fileEncoding = 4; lastKnownFileType = sourcecode.swift; path = LoginRegisterController.swift; sourceTree = "<group>"; };
		2A58E1B51E7FC91700BDD422 /* TextField.swift */ = {isa = PBXFileReference; fileEncoding = 4; lastKnownFileType = sourcecode.swift; path = TextField.swift; sourceTree = "<group>"; };
		2A58E1B71E7FE6C700BDD422 /* RegisterViewController.swift */ = {isa = PBXFileReference; fileEncoding = 4; lastKnownFileType = sourcecode.swift; path = RegisterViewController.swift; sourceTree = "<group>"; };
		2A81F2FF1EC045B000E488AF /* HotTopicFrontTableViewController.swift */ = {isa = PBXFileReference; fileEncoding = 4; lastKnownFileType = sourcecode.swift; path = HotTopicFrontTableViewController.swift; sourceTree = "<group>"; };
		2A9F3A4B1EA6079D00A817B0 /* QuizViewController.swift */ = {isa = PBXFileReference; fileEncoding = 4; lastKnownFileType = sourcecode.swift; path = QuizViewController.swift; sourceTree = "<group>"; };
		2A9F3A4F1EA6138B00A817B0 /* UpstreamScheduleViewController.swift */ = {isa = PBXFileReference; fileEncoding = 4; lastKnownFileType = sourcecode.swift; path = UpstreamScheduleViewController.swift; sourceTree = "<group>"; };
		2A9F3A511EA615B500A817B0 /* UpstreamScheduleCell.swift */ = {isa = PBXFileReference; fileEncoding = 4; lastKnownFileType = sourcecode.swift; path = UpstreamScheduleCell.swift; sourceTree = "<group>"; };
		2AAD04FB1E7BB6C7007FF4AB /* BEN Apps.app */ = {isa = PBXFileReference; explicitFileType = wrapper.application; includeInIndex = 0; path = "BEN Apps.app"; sourceTree = BUILT_PRODUCTS_DIR; };
		2AAD04FE1E7BB6C7007FF4AB /* AppDelegate.swift */ = {isa = PBXFileReference; lastKnownFileType = sourcecode.swift; path = AppDelegate.swift; sourceTree = "<group>"; };
		2AAD05031E7BB6C7007FF4AB /* Base */ = {isa = PBXFileReference; lastKnownFileType = file.storyboard; name = Base; path = Base.lproj/Main.storyboard; sourceTree = "<group>"; };
		2AAD05051E7BB6C7007FF4AB /* Assets.xcassets */ = {isa = PBXFileReference; lastKnownFileType = folder.assetcatalog; path = Assets.xcassets; sourceTree = "<group>"; };
		2AAD05081E7BB6C7007FF4AB /* Base */ = {isa = PBXFileReference; lastKnownFileType = file.storyboard; name = Base; path = Base.lproj/LaunchScreen.storyboard; sourceTree = "<group>"; };
		2AAD050A1E7BB6C7007FF4AB /* Info.plist */ = {isa = PBXFileReference; lastKnownFileType = text.plist.xml; path = Info.plist; sourceTree = "<group>"; };
		2AAD050F1E7BB6C7007FF4AB /* BEN AppsTests.xctest */ = {isa = PBXFileReference; explicitFileType = wrapper.cfbundle; includeInIndex = 0; path = "BEN AppsTests.xctest"; sourceTree = BUILT_PRODUCTS_DIR; };
		2AAD05131E7BB6C7007FF4AB /* BEN_AppsTests.swift */ = {isa = PBXFileReference; lastKnownFileType = sourcecode.swift; path = BEN_AppsTests.swift; sourceTree = "<group>"; };
		2AAD05151E7BB6C7007FF4AB /* Info.plist */ = {isa = PBXFileReference; lastKnownFileType = text.plist.xml; path = Info.plist; sourceTree = "<group>"; };
		2AAD051A1E7BB6C7007FF4AB /* BEN AppsUITests.xctest */ = {isa = PBXFileReference; explicitFileType = wrapper.cfbundle; includeInIndex = 0; path = "BEN AppsUITests.xctest"; sourceTree = BUILT_PRODUCTS_DIR; };
		2AAD051E1E7BB6C7007FF4AB /* BEN_AppsUITests.swift */ = {isa = PBXFileReference; lastKnownFileType = sourcecode.swift; path = BEN_AppsUITests.swift; sourceTree = "<group>"; };
		2AAD05201E7BB6C7007FF4AB /* Info.plist */ = {isa = PBXFileReference; lastKnownFileType = text.plist.xml; path = Info.plist; sourceTree = "<group>"; };
		2AB3C0F81E823924002D9B3A /* TextViewClickable.swift */ = {isa = PBXFileReference; fileEncoding = 4; lastKnownFileType = sourcecode.swift; path = TextViewClickable.swift; sourceTree = "<group>"; };
		2ADF67D61E923A35002855AD /* BenTalkCell.xib */ = {isa = PBXFileReference; fileEncoding = 4; lastKnownFileType = file.xib; path = BenTalkCell.xib; sourceTree = "<group>"; };
		2ADF67D81E923DB9002855AD /* TellUsCell.xib */ = {isa = PBXFileReference; fileEncoding = 4; lastKnownFileType = file.xib; path = TellUsCell.xib; sourceTree = "<group>"; };
		2ADF68341E924A41002855AD /* BEN Apps-Bridging-Header.h */ = {isa = PBXFileReference; lastKnownFileType = sourcecode.c.h; path = "BEN Apps-Bridging-Header.h"; sourceTree = "<group>"; };
		2C293CC49BE40C1393479D78 /* Pods_BEN_AppsTests.framework */ = {isa = PBXFileReference; explicitFileType = wrapper.framework; includeInIndex = 0; path = Pods_BEN_AppsTests.framework; sourceTree = BUILT_PRODUCTS_DIR; };
		59026502C775064A998583B1 /* Pods-BEN Apps.release.xcconfig */ = {isa = PBXFileReference; includeInIndex = 1; lastKnownFileType = text.xcconfig; name = "Pods-BEN Apps.release.xcconfig"; path = "Pods/Target Support Files/Pods-BEN Apps/Pods-BEN Apps.release.xcconfig"; sourceTree = "<group>"; };
		666876B3BF5ACAAC43AF27FD /* Pods-BEN AppsTests.release.xcconfig */ = {isa = PBXFileReference; includeInIndex = 1; lastKnownFileType = text.xcconfig; name = "Pods-BEN AppsTests.release.xcconfig"; path = "Pods/Target Support Files/Pods-BEN AppsTests/Pods-BEN AppsTests.release.xcconfig"; sourceTree = "<group>"; };
		9BFAC8177FC7717790D4C49E /* Pods-BEN AppsTests.debug.xcconfig */ = {isa = PBXFileReference; includeInIndex = 1; lastKnownFileType = text.xcconfig; name = "Pods-BEN AppsTests.debug.xcconfig"; path = "Pods/Target Support Files/Pods-BEN AppsTests/Pods-BEN AppsTests.debug.xcconfig"; sourceTree = "<group>"; };
		ABF9B48D77C2D2DAD9943556 /* Pods-BEN Apps.debug.xcconfig */ = {isa = PBXFileReference; includeInIndex = 1; lastKnownFileType = text.xcconfig; name = "Pods-BEN Apps.debug.xcconfig"; path = "Pods/Target Support Files/Pods-BEN Apps/Pods-BEN Apps.debug.xcconfig"; sourceTree = "<group>"; };
		B550B6E31705E5B72CB1D92D /* Pods-BEN AppsUITests.debug.xcconfig */ = {isa = PBXFileReference; includeInIndex = 1; lastKnownFileType = text.xcconfig; name = "Pods-BEN AppsUITests.debug.xcconfig"; path = "Pods/Target Support Files/Pods-BEN AppsUITests/Pods-BEN AppsUITests.debug.xcconfig"; sourceTree = "<group>"; };
		D9108D25A8DFDCF38DB1F7A2 /* Pods_BEN_Apps.framework */ = {isa = PBXFileReference; explicitFileType = wrapper.framework; includeInIndex = 0; path = Pods_BEN_Apps.framework; sourceTree = BUILT_PRODUCTS_DIR; };
		FCFA2F938E883F55D14BBC95 /* Pods_BEN_AppsUITests.framework */ = {isa = PBXFileReference; explicitFileType = wrapper.framework; includeInIndex = 0; path = Pods_BEN_AppsUITests.framework; sourceTree = BUILT_PRODUCTS_DIR; };
/* End PBXFileReference section */

/* Begin PBXFrameworksBuildPhase section */
		2AAD04F81E7BB6C7007FF4AB /* Frameworks */ = {
			isa = PBXFrameworksBuildPhase;
			buildActionMask = 2147483647;
			files = (
				7414660B4B3BFF45A3B455AC /* Pods_BEN_Apps.framework in Frameworks */,
			);
			runOnlyForDeploymentPostprocessing = 0;
		};
		2AAD050C1E7BB6C7007FF4AB /* Frameworks */ = {
			isa = PBXFrameworksBuildPhase;
			buildActionMask = 2147483647;
			files = (
				45F849729440E1DB11017398 /* Pods_BEN_AppsTests.framework in Frameworks */,
			);
			runOnlyForDeploymentPostprocessing = 0;
		};
		2AAD05171E7BB6C7007FF4AB /* Frameworks */ = {
			isa = PBXFrameworksBuildPhase;
			buildActionMask = 2147483647;
			files = (
				0A93942558AFF14E5F3730EC /* Pods_BEN_AppsUITests.framework in Frameworks */,
			);
			runOnlyForDeploymentPostprocessing = 0;
		};
/* End PBXFrameworksBuildPhase section */

/* Begin PBXGroup section */
		2A1546091E9217D000A01417 /* HomeTab */ = {
			isa = PBXGroup;
			children = (
				2A15460A1E9217E100A01417 /* BenTalkViewController.swift */,
				2A15460C1E9217F000A01417 /* NewsViewController.swift */,
				2A15460E1E9217FA00A01417 /* TellUsViewController.swift */,
				2ADF67D61E923A35002855AD /* BenTalkCell.xib */,
				2ADF67D81E923DB9002855AD /* TellUsCell.xib */,
				2A00BC261E9392F5004DFA1A /* BenTalkCell.swift */,
			);
			name = HomeTab;
			sourceTree = "<group>";
		};
		2A58E1B41E7FC8FE00BDD422 /* CustomClass */ = {
			isa = PBXGroup;
			children = (
				2A58E1B51E7FC91700BDD422 /* TextField.swift */,
				2AB3C0F81E823924002D9B3A /* TextViewClickable.swift */,
			);
			name = CustomClass;
			sourceTree = "<group>";
		};
		2A9F3A4A1EA6077E00A817B0 /* Drawer */ = {
			isa = PBXGroup;
			children = (
				2A9F3A4B1EA6079D00A817B0 /* QuizViewController.swift */,
				2A9F3A4F1EA6138B00A817B0 /* UpstreamScheduleViewController.swift */,
				2A81F2FF1EC045B000E488AF /* HotTopicFrontTableViewController.swift */,
				2A9F3A511EA615B500A817B0 /* UpstreamScheduleCell.swift */,
				2A11F0BF1EB07ADB0014605B /* RankBoardCell.swift */,
				2A11F0C11EB07AF30014605B /* RankBoardViewController.swift */,
			);
			name = Drawer;
			sourceTree = "<group>";
		};
		2AAD04F21E7BB6C7007FF4AB = {
			isa = PBXGroup;
			children = (
				2AAD04FD1E7BB6C7007FF4AB /* BEN Apps */,
				2AAD05121E7BB6C7007FF4AB /* BEN AppsTests */,
				2AAD051D1E7BB6C7007FF4AB /* BEN AppsUITests */,
				2AAD04FC1E7BB6C7007FF4AB /* Products */,
				4C11A2C4738DB6D75C86B61A /* Pods */,
				3EDB494315D79B16F5210694 /* Frameworks */,
			);
			sourceTree = "<group>";
		};
		2AAD04FC1E7BB6C7007FF4AB /* Products */ = {
			isa = PBXGroup;
			children = (
				2AAD04FB1E7BB6C7007FF4AB /* BEN Apps.app */,
				2AAD050F1E7BB6C7007FF4AB /* BEN AppsTests.xctest */,
				2AAD051A1E7BB6C7007FF4AB /* BEN AppsUITests.xctest */,
			);
			name = Products;
			sourceTree = "<group>";
		};
		2AAD04FD1E7BB6C7007FF4AB /* BEN Apps */ = {
			isa = PBXGroup;
			children = (
				2AAD04FE1E7BB6C7007FF4AB /* AppDelegate.swift */,
				2AF1D6951E7BBF1E002F0F97 /* Main */,
				2AF1D6931E7BBED2002F0F97 /* UI */,
				2ADF68551E924A5D002855AD /* Library */,
				2A58E1B41E7FC8FE00BDD422 /* CustomClass */,
				2AAD050A1E7BB6C7007FF4AB /* Info.plist */,
				2ADF68341E924A41002855AD /* BEN Apps-Bridging-Header.h */,
			);
			path = "BEN Apps";
			sourceTree = "<group>";
		};
		2AAD05121E7BB6C7007FF4AB /* BEN AppsTests */ = {
			isa = PBXGroup;
			children = (
				2AAD05131E7BB6C7007FF4AB /* BEN_AppsTests.swift */,
				2AAD05151E7BB6C7007FF4AB /* Info.plist */,
			);
			path = "BEN AppsTests";
			sourceTree = "<group>";
		};
		2AAD051D1E7BB6C7007FF4AB /* BEN AppsUITests */ = {
			isa = PBXGroup;
			children = (
				2AAD051E1E7BB6C7007FF4AB /* BEN_AppsUITests.swift */,
				2AAD05201E7BB6C7007FF4AB /* Info.plist */,
			);
			path = "BEN AppsUITests";
			sourceTree = "<group>";
		};
		2ADF68551E924A5D002855AD /* Library */ = {
			isa = PBXGroup;
			children = (
			);
			name = Library;
			sourceTree = "<group>";
		};
		2AF1D6931E7BBED2002F0F97 /* UI */ = {
			isa = PBXGroup;
			children = (
				2AAD05021E7BB6C7007FF4AB /* Main.storyboard */,
				2AAD05071E7BB6C7007FF4AB /* LaunchScreen.storyboard */,
				2AAD05051E7BB6C7007FF4AB /* Assets.xcassets */,
			);
			name = UI;
			sourceTree = "<group>";
		};
		2AF1D6941E7BBEFC002F0F97 /* LoginRegister */ = {
			isa = PBXGroup;
			children = (
				2A58E1B21E7FB11800BDD422 /* LoginRegisterController.swift */,
				2A58E1B71E7FE6C700BDD422 /* RegisterViewController.swift */,
			);
			name = LoginRegister;
			sourceTree = "<group>";
		};
		2AF1D6951E7BBF1E002F0F97 /* Main */ = {
			isa = PBXGroup;
			children = (
				2A9F3A4A1EA6077E00A817B0 /* Drawer */,
				2AF1D6941E7BBEFC002F0F97 /* LoginRegister */,
				2A1546091E9217D000A01417 /* HomeTab */,
				2A1546071E92112700A01417 /* HomeTabController.swift */,
				2A00BC241E938280004DFA1A /* Extension.swift */,
				2A07A22C1EA4E31E00435597 /* DrawerViewController.swift */,
			);
			name = Main;
			sourceTree = "<group>";
		};
		3EDB494315D79B16F5210694 /* Frameworks */ = {
			isa = PBXGroup;
			children = (
				D9108D25A8DFDCF38DB1F7A2 /* Pods_BEN_Apps.framework */,
				2C293CC49BE40C1393479D78 /* Pods_BEN_AppsTests.framework */,
				FCFA2F938E883F55D14BBC95 /* Pods_BEN_AppsUITests.framework */,
			);
			name = Frameworks;
			sourceTree = "<group>";
		};
		4C11A2C4738DB6D75C86B61A /* Pods */ = {
			isa = PBXGroup;
			children = (
				ABF9B48D77C2D2DAD9943556 /* Pods-BEN Apps.debug.xcconfig */,
				59026502C775064A998583B1 /* Pods-BEN Apps.release.xcconfig */,
				9BFAC8177FC7717790D4C49E /* Pods-BEN AppsTests.debug.xcconfig */,
				666876B3BF5ACAAC43AF27FD /* Pods-BEN AppsTests.release.xcconfig */,
				B550B6E31705E5B72CB1D92D /* Pods-BEN AppsUITests.debug.xcconfig */,
				1DC252B192D04C6EA42326BC /* Pods-BEN AppsUITests.release.xcconfig */,
			);
			name = Pods;
			sourceTree = "<group>";
		};
/* End PBXGroup section */

/* Begin PBXNativeTarget section */
		2AAD04FA1E7BB6C7007FF4AB /* BEN Apps */ = {
			isa = PBXNativeTarget;
			buildConfigurationList = 2AAD05231E7BB6C7007FF4AB /* Build configuration list for PBXNativeTarget "BEN Apps" */;
			buildPhases = (
				776DC0591F4B75F5B9BFF036 /* [CP] Check Pods Manifest.lock */,
				2AAD04F71E7BB6C7007FF4AB /* Sources */,
				2AAD04F81E7BB6C7007FF4AB /* Frameworks */,
				2AAD04F91E7BB6C7007FF4AB /* Resources */,
				0CAB82259720C9230E46F8EB /* [CP] Embed Pods Frameworks */,
				B2B894112A211418B135D776 /* [CP] Copy Pods Resources */,
			);
			buildRules = (
			);
			dependencies = (
			);
			name = "BEN Apps";
			productName = "BEN Apps";
			productReference = 2AAD04FB1E7BB6C7007FF4AB /* BEN Apps.app */;
			productType = "com.apple.product-type.application";
		};
		2AAD050E1E7BB6C7007FF4AB /* BEN AppsTests */ = {
			isa = PBXNativeTarget;
			buildConfigurationList = 2AAD05261E7BB6C7007FF4AB /* Build configuration list for PBXNativeTarget "BEN AppsTests" */;
			buildPhases = (
				2FAAF75AEE1D05432834E823 /* [CP] Check Pods Manifest.lock */,
				2AAD050B1E7BB6C7007FF4AB /* Sources */,
				2AAD050C1E7BB6C7007FF4AB /* Frameworks */,
				2AAD050D1E7BB6C7007FF4AB /* Resources */,
				C37AE396EFEC651B24A4899C /* [CP] Embed Pods Frameworks */,
				039DDE2959C7845EF0680CD7 /* [CP] Copy Pods Resources */,
			);
			buildRules = (
			);
			dependencies = (
				2AAD05111E7BB6C7007FF4AB /* PBXTargetDependency */,
			);
			name = "BEN AppsTests";
			productName = "BEN AppsTests";
			productReference = 2AAD050F1E7BB6C7007FF4AB /* BEN AppsTests.xctest */;
			productType = "com.apple.product-type.bundle.unit-test";
		};
		2AAD05191E7BB6C7007FF4AB /* BEN AppsUITests */ = {
			isa = PBXNativeTarget;
			buildConfigurationList = 2AAD05291E7BB6C7007FF4AB /* Build configuration list for PBXNativeTarget "BEN AppsUITests" */;
			buildPhases = (
				0D5778485164D4444551AAF9 /* [CP] Check Pods Manifest.lock */,
				2AAD05161E7BB6C7007FF4AB /* Sources */,
				2AAD05171E7BB6C7007FF4AB /* Frameworks */,
				2AAD05181E7BB6C7007FF4AB /* Resources */,
				AF64C954E883795AECE2466F /* [CP] Embed Pods Frameworks */,
				A573FA605FF3EFBFD9C960A8 /* [CP] Copy Pods Resources */,
			);
			buildRules = (
			);
			dependencies = (
				2AAD051C1E7BB6C7007FF4AB /* PBXTargetDependency */,
			);
			name = "BEN AppsUITests";
			productName = "BEN AppsUITests";
			productReference = 2AAD051A1E7BB6C7007FF4AB /* BEN AppsUITests.xctest */;
			productType = "com.apple.product-type.bundle.ui-testing";
		};
/* End PBXNativeTarget section */

/* Begin PBXProject section */
		2AAD04F31E7BB6C7007FF4AB /* Project object */ = {
			isa = PBXProject;
			attributes = {
				LastSwiftUpdateCheck = 0820;
				LastUpgradeCheck = 0820;
				ORGANIZATIONNAME = Vesperia;
				TargetAttributes = {
					2AAD04FA1E7BB6C7007FF4AB = {
						CreatedOnToolsVersion = 8.2.1;
						DevelopmentTeam = LM3646D5FX;
						LastSwiftMigration = 0830;
						ProvisioningStyle = Automatic;
					};
					2AAD050E1E7BB6C7007FF4AB = {
						CreatedOnToolsVersion = 8.2.1;
						ProvisioningStyle = Automatic;
						TestTargetID = 2AAD04FA1E7BB6C7007FF4AB;
					};
					2AAD05191E7BB6C7007FF4AB = {
						CreatedOnToolsVersion = 8.2.1;
						ProvisioningStyle = Automatic;
						TestTargetID = 2AAD04FA1E7BB6C7007FF4AB;
					};
				};
			};
			buildConfigurationList = 2AAD04F61E7BB6C7007FF4AB /* Build configuration list for PBXProject "BEN Apps" */;
			compatibilityVersion = "Xcode 3.2";
			developmentRegion = English;
			hasScannedForEncodings = 0;
			knownRegions = (
				en,
				Base,
			);
			mainGroup = 2AAD04F21E7BB6C7007FF4AB;
			productRefGroup = 2AAD04FC1E7BB6C7007FF4AB /* Products */;
			projectDirPath = "";
			projectRoot = "";
			targets = (
				2AAD04FA1E7BB6C7007FF4AB /* BEN Apps */,
				2AAD050E1E7BB6C7007FF4AB /* BEN AppsTests */,
				2AAD05191E7BB6C7007FF4AB /* BEN AppsUITests */,
			);
		};
/* End PBXProject section */

/* Begin PBXResourcesBuildPhase section */
		2AAD04F91E7BB6C7007FF4AB /* Resources */ = {
			isa = PBXResourcesBuildPhase;
			buildActionMask = 2147483647;
			files = (
				2AAD05091E7BB6C7007FF4AB /* LaunchScreen.storyboard in Resources */,
				2ADF67D71E923A35002855AD /* BenTalkCell.xib in Resources */,
				2AAD05061E7BB6C7007FF4AB /* Assets.xcassets in Resources */,
				2ADF67D91E923DB9002855AD /* TellUsCell.xib in Resources */,
				2AAD05041E7BB6C7007FF4AB /* Main.storyboard in Resources */,
			);
			runOnlyForDeploymentPostprocessing = 0;
		};
		2AAD050D1E7BB6C7007FF4AB /* Resources */ = {
			isa = PBXResourcesBuildPhase;
			buildActionMask = 2147483647;
			files = (
			);
			runOnlyForDeploymentPostprocessing = 0;
		};
		2AAD05181E7BB6C7007FF4AB /* Resources */ = {
			isa = PBXResourcesBuildPhase;
			buildActionMask = 2147483647;
			files = (
			);
			runOnlyForDeploymentPostprocessing = 0;
		};
/* End PBXResourcesBuildPhase section */

/* Begin PBXShellScriptBuildPhase section */
		039DDE2959C7845EF0680CD7 /* [CP] Copy Pods Resources */ = {
			isa = PBXShellScriptBuildPhase;
			buildActionMask = 2147483647;
			files = (
			);
			inputPaths = (
			);
			name = "[CP] Copy Pods Resources";
			outputPaths = (
			);
			runOnlyForDeploymentPostprocessing = 0;
			shellPath = /bin/sh;
			shellScript = "\"${SRCROOT}/Pods/Target Support Files/Pods-BEN AppsTests/Pods-BEN AppsTests-resources.sh\"\n";
			showEnvVarsInLog = 0;
		};
		0CAB82259720C9230E46F8EB /* [CP] Embed Pods Frameworks */ = {
			isa = PBXShellScriptBuildPhase;
			buildActionMask = 2147483647;
			files = (
			);
			inputPaths = (
			);
			name = "[CP] Embed Pods Frameworks";
			outputPaths = (
			);
			runOnlyForDeploymentPostprocessing = 0;
			shellPath = /bin/sh;
			shellScript = "\"${SRCROOT}/Pods/Target Support Files/Pods-BEN Apps/Pods-BEN Apps-frameworks.sh\"\n";
			showEnvVarsInLog = 0;
		};
		0D5778485164D4444551AAF9 /* [CP] Check Pods Manifest.lock */ = {
			isa = PBXShellScriptBuildPhase;
			buildActionMask = 2147483647;
			files = (
			);
			inputPaths = (
			);
			name = "[CP] Check Pods Manifest.lock";
			outputPaths = (
			);
			runOnlyForDeploymentPostprocessing = 0;
			shellPath = /bin/sh;
			shellScript = "diff \"${PODS_ROOT}/../Podfile.lock\" \"${PODS_ROOT}/Manifest.lock\" > /dev/null\nif [ $? != 0 ] ; then\n    # print error to STDERR\n    echo \"error: The sandbox is not in sync with the Podfile.lock. Run 'pod install' or update your CocoaPods installation.\" >&2\n    exit 1\nfi\n";
			showEnvVarsInLog = 0;
		};
		2FAAF75AEE1D05432834E823 /* [CP] Check Pods Manifest.lock */ = {
			isa = PBXShellScriptBuildPhase;
			buildActionMask = 2147483647;
			files = (
			);
			inputPaths = (
			);
			name = "[CP] Check Pods Manifest.lock";
			outputPaths = (
			);
			runOnlyForDeploymentPostprocessing = 0;
			shellPath = /bin/sh;
			shellScript = "diff \"${PODS_ROOT}/../Podfile.lock\" \"${PODS_ROOT}/Manifest.lock\" > /dev/null\nif [ $? != 0 ] ; then\n    # print error to STDERR\n    echo \"error: The sandbox is not in sync with the Podfile.lock. Run 'pod install' or update your CocoaPods installation.\" >&2\n    exit 1\nfi\n";
			showEnvVarsInLog = 0;
		};
		776DC0591F4B75F5B9BFF036 /* [CP] Check Pods Manifest.lock */ = {
			isa = PBXShellScriptBuildPhase;
			buildActionMask = 2147483647;
			files = (
			);
			inputPaths = (
			);
			name = "[CP] Check Pods Manifest.lock";
			outputPaths = (
			);
			runOnlyForDeploymentPostprocessing = 0;
			shellPath = /bin/sh;
			shellScript = "diff \"${PODS_ROOT}/../Podfile.lock\" \"${PODS_ROOT}/Manifest.lock\" > /dev/null\nif [ $? != 0 ] ; then\n    # print error to STDERR\n    echo \"error: The sandbox is not in sync with the Podfile.lock. Run 'pod install' or update your CocoaPods installation.\" >&2\n    exit 1\nfi\n";
			showEnvVarsInLog = 0;
		};
		A573FA605FF3EFBFD9C960A8 /* [CP] Copy Pods Resources */ = {
			isa = PBXShellScriptBuildPhase;
			buildActionMask = 2147483647;
			files = (
			);
			inputPaths = (
			);
			name = "[CP] Copy Pods Resources";
			outputPaths = (
			);
			runOnlyForDeploymentPostprocessing = 0;
			shellPath = /bin/sh;
			shellScript = "\"${SRCROOT}/Pods/Target Support Files/Pods-BEN AppsUITests/Pods-BEN AppsUITests-resources.sh\"\n";
			showEnvVarsInLog = 0;
		};
		AF64C954E883795AECE2466F /* [CP] Embed Pods Frameworks */ = {
			isa = PBXShellScriptBuildPhase;
			buildActionMask = 2147483647;
			files = (
			);
			inputPaths = (
			);
			name = "[CP] Embed Pods Frameworks";
			outputPaths = (
			);
			runOnlyForDeploymentPostprocessing = 0;
			shellPath = /bin/sh;
			shellScript = "\"${SRCROOT}/Pods/Target Support Files/Pods-BEN AppsUITests/Pods-BEN AppsUITests-frameworks.sh\"\n";
			showEnvVarsInLog = 0;
		};
		B2B894112A211418B135D776 /* [CP] Copy Pods Resources */ = {
			isa = PBXShellScriptBuildPhase;
			buildActionMask = 2147483647;
			files = (
			);
			inputPaths = (
			);
			name = "[CP] Copy Pods Resources";
			outputPaths = (
			);
			runOnlyForDeploymentPostprocessing = 0;
			shellPath = /bin/sh;
			shellScript = "\"${SRCROOT}/Pods/Target Support Files/Pods-BEN Apps/Pods-BEN Apps-resources.sh\"\n";
			showEnvVarsInLog = 0;
		};
		C37AE396EFEC651B24A4899C /* [CP] Embed Pods Frameworks */ = {
			isa = PBXShellScriptBuildPhase;
			buildActionMask = 2147483647;
			files = (
			);
			inputPaths = (
			);
			name = "[CP] Embed Pods Frameworks";
			outputPaths = (
			);
			runOnlyForDeploymentPostprocessing = 0;
			shellPath = /bin/sh;
			shellScript = "\"${SRCROOT}/Pods/Target Support Files/Pods-BEN AppsTests/Pods-BEN AppsTests-frameworks.sh\"\n";
			showEnvVarsInLog = 0;
		};
/* End PBXShellScriptBuildPhase section */

/* Begin PBXSourcesBuildPhase section */
		2AAD04F71E7BB6C7007FF4AB /* Sources */ = {
			isa = PBXSourcesBuildPhase;
			buildActionMask = 2147483647;
			files = (
				2A58E1B31E7FB11800BDD422 /* LoginRegisterController.swift in Sources */,
				2A15460F1E9217FA00A01417 /* TellUsViewController.swift in Sources */,
				2A11F0C01EB07ADB0014605B /* RankBoardCell.swift in Sources */,
				2A58E1B81E7FE6C700BDD422 /* RegisterViewController.swift in Sources */,
				2AB3C0F91E823924002D9B3A /* TextViewClickable.swift in Sources */,
				2A15460B1E9217E100A01417 /* BenTalkViewController.swift in Sources */,
				2A07A22D1EA4E31E00435597 /* DrawerViewController.swift in Sources */,
				2A81F3001EC045B000E488AF /* HotTopicFrontTableViewController.swift in Sources */,
				2A9F3A501EA6138B00A817B0 /* UpstreamScheduleViewController.swift in Sources */,
				2A00BC251E938280004DFA1A /* Extension.swift in Sources */,
				2A9F3A521EA615B500A817B0 /* UpstreamScheduleCell.swift in Sources */,
				2A58E1B61E7FC91700BDD422 /* TextField.swift in Sources */,
				2A9F3A4C1EA6079D00A817B0 /* QuizViewController.swift in Sources */,
				2AAD04FF1E7BB6C7007FF4AB /* AppDelegate.swift in Sources */,
				2A00BC271E9392F5004DFA1A /* BenTalkCell.swift in Sources */,
				2A1546081E92112700A01417 /* HomeTabController.swift in Sources */,
				2A15460D1E9217F000A01417 /* NewsViewController.swift in Sources */,
				2A11F0C21EB07AF30014605B /* RankBoardViewController.swift in Sources */,
			);
			runOnlyForDeploymentPostprocessing = 0;
		};
		2AAD050B1E7BB6C7007FF4AB /* Sources */ = {
			isa = PBXSourcesBuildPhase;
			buildActionMask = 2147483647;
			files = (
				2AAD05141E7BB6C7007FF4AB /* BEN_AppsTests.swift in Sources */,
			);
			runOnlyForDeploymentPostprocessing = 0;
		};
		2AAD05161E7BB6C7007FF4AB /* Sources */ = {
			isa = PBXSourcesBuildPhase;
			buildActionMask = 2147483647;
			files = (
				2AAD051F1E7BB6C7007FF4AB /* BEN_AppsUITests.swift in Sources */,
			);
			runOnlyForDeploymentPostprocessing = 0;
		};
/* End PBXSourcesBuildPhase section */

/* Begin PBXTargetDependency section */
		2AAD05111E7BB6C7007FF4AB /* PBXTargetDependency */ = {
			isa = PBXTargetDependency;
			target = 2AAD04FA1E7BB6C7007FF4AB /* BEN Apps */;
			targetProxy = 2AAD05101E7BB6C7007FF4AB /* PBXContainerItemProxy */;
		};
		2AAD051C1E7BB6C7007FF4AB /* PBXTargetDependency */ = {
			isa = PBXTargetDependency;
			target = 2AAD04FA1E7BB6C7007FF4AB /* BEN Apps */;
			targetProxy = 2AAD051B1E7BB6C7007FF4AB /* PBXContainerItemProxy */;
		};
/* End PBXTargetDependency section */

/* Begin PBXVariantGroup section */
		2AAD05021E7BB6C7007FF4AB /* Main.storyboard */ = {
			isa = PBXVariantGroup;
			children = (
				2AAD05031E7BB6C7007FF4AB /* Base */,
			);
			name = Main.storyboard;
			sourceTree = "<group>";
		};
		2AAD05071E7BB6C7007FF4AB /* LaunchScreen.storyboard */ = {
			isa = PBXVariantGroup;
			children = (
				2AAD05081E7BB6C7007FF4AB /* Base */,
			);
			name = LaunchScreen.storyboard;
			sourceTree = "<group>";
		};
/* End PBXVariantGroup section */

/* Begin XCBuildConfiguration section */
		2AAD05211E7BB6C7007FF4AB /* Debug */ = {
			isa = XCBuildConfiguration;
			buildSettings = {
				ALWAYS_SEARCH_USER_PATHS = NO;
				CLANG_ANALYZER_NONNULL = YES;
				CLANG_CXX_LANGUAGE_STANDARD = "gnu++0x";
				CLANG_CXX_LIBRARY = "libc++";
				CLANG_ENABLE_MODULES = YES;
				CLANG_ENABLE_OBJC_ARC = YES;
				CLANG_WARN_BOOL_CONVERSION = YES;
				CLANG_WARN_CONSTANT_CONVERSION = YES;
				CLANG_WARN_DIRECT_OBJC_ISA_USAGE = YES_ERROR;
				CLANG_WARN_DOCUMENTATION_COMMENTS = YES;
				CLANG_WARN_EMPTY_BODY = YES;
				CLANG_WARN_ENUM_CONVERSION = YES;
				CLANG_WARN_INFINITE_RECURSION = YES;
				CLANG_WARN_INT_CONVERSION = YES;
				CLANG_WARN_OBJC_ROOT_CLASS = YES_ERROR;
				CLANG_WARN_SUSPICIOUS_MOVE = YES;
				CLANG_WARN_UNREACHABLE_CODE = YES;
				CLANG_WARN__DUPLICATE_METHOD_MATCH = YES;
				"CODE_SIGN_IDENTITY[sdk=iphoneos*]" = "iPhone Developer";
				COPY_PHASE_STRIP = NO;
				DEBUG_INFORMATION_FORMAT = dwarf;
				ENABLE_STRICT_OBJC_MSGSEND = YES;
				ENABLE_TESTABILITY = YES;
				GCC_C_LANGUAGE_STANDARD = gnu99;
				GCC_DYNAMIC_NO_PIC = NO;
				GCC_NO_COMMON_BLOCKS = YES;
				GCC_OPTIMIZATION_LEVEL = 0;
				GCC_PREPROCESSOR_DEFINITIONS = (
					"DEBUG=1",
					"$(inherited)",
				);
				GCC_WARN_64_TO_32_BIT_CONVERSION = YES;
				GCC_WARN_ABOUT_RETURN_TYPE = YES_ERROR;
				GCC_WARN_UNDECLARED_SELECTOR = YES;
				GCC_WARN_UNINITIALIZED_AUTOS = YES_AGGRESSIVE;
				GCC_WARN_UNUSED_FUNCTION = YES;
				GCC_WARN_UNUSED_VARIABLE = YES;
				IPHONEOS_DEPLOYMENT_TARGET = 10.3;
				MTL_ENABLE_DEBUG_INFO = YES;
				ONLY_ACTIVE_ARCH = YES;
				SDKROOT = iphoneos;
				SWIFT_ACTIVE_COMPILATION_CONDITIONS = DEBUG;
				SWIFT_OPTIMIZATION_LEVEL = "-Onone";
				TARGETED_DEVICE_FAMILY = "1,2";
			};
			name = Debug;
		};
		2AAD05221E7BB6C7007FF4AB /* Release */ = {
			isa = XCBuildConfiguration;
			buildSettings = {
				ALWAYS_SEARCH_USER_PATHS = NO;
				CLANG_ANALYZER_NONNULL = YES;
				CLANG_CXX_LANGUAGE_STANDARD = "gnu++0x";
				CLANG_CXX_LIBRARY = "libc++";
				CLANG_ENABLE_MODULES = YES;
				CLANG_ENABLE_OBJC_ARC = YES;
				CLANG_WARN_BOOL_CONVERSION = YES;
				CLANG_WARN_CONSTANT_CONVERSION = YES;
				CLANG_WARN_DIRECT_OBJC_ISA_USAGE = YES_ERROR;
				CLANG_WARN_DOCUMENTATION_COMMENTS = YES;
				CLANG_WARN_EMPTY_BODY = YES;
				CLANG_WARN_ENUM_CONVERSION = YES;
				CLANG_WARN_INFINITE_RECURSION = YES;
				CLANG_WARN_INT_CONVERSION = YES;
				CLANG_WARN_OBJC_ROOT_CLASS = YES_ERROR;
				CLANG_WARN_SUSPICIOUS_MOVE = YES;
				CLANG_WARN_UNREACHABLE_CODE = YES;
				CLANG_WARN__DUPLICATE_METHOD_MATCH = YES;
				"CODE_SIGN_IDENTITY[sdk=iphoneos*]" = "iPhone Developer";
				COPY_PHASE_STRIP = NO;
				DEBUG_INFORMATION_FORMAT = "dwarf-with-dsym";
				ENABLE_NS_ASSERTIONS = NO;
				ENABLE_STRICT_OBJC_MSGSEND = YES;
				GCC_C_LANGUAGE_STANDARD = gnu99;
				GCC_NO_COMMON_BLOCKS = YES;
				GCC_WARN_64_TO_32_BIT_CONVERSION = YES;
				GCC_WARN_ABOUT_RETURN_TYPE = YES_ERROR;
				GCC_WARN_UNDECLARED_SELECTOR = YES;
				GCC_WARN_UNINITIALIZED_AUTOS = YES_AGGRESSIVE;
				GCC_WARN_UNUSED_FUNCTION = YES;
				GCC_WARN_UNUSED_VARIABLE = YES;
				IPHONEOS_DEPLOYMENT_TARGET = 10.3;
				MTL_ENABLE_DEBUG_INFO = NO;
				SDKROOT = iphoneos;
				SWIFT_OPTIMIZATION_LEVEL = "-Owholemodule";
				TARGETED_DEVICE_FAMILY = "1,2";
				VALIDATE_PRODUCT = YES;
			};
			name = Release;
		};
		2AAD05241E7BB6C7007FF4AB /* Debug */ = {
			isa = XCBuildConfiguration;
			baseConfigurationReference = ABF9B48D77C2D2DAD9943556 /* Pods-BEN Apps.debug.xcconfig */;
			buildSettings = {
				ASSETCATALOG_COMPILER_APPICON_NAME = AppIcon;
				CLANG_ENABLE_MODULES = YES;
				DEVELOPMENT_TEAM = LM3646D5FX;
				INFOPLIST_FILE = "BEN Apps/Info.plist";
				IPHONEOS_DEPLOYMENT_TARGET = 8.0;
				LD_RUNPATH_SEARCH_PATHS = "$(inherited) @executable_path/Frameworks";
				PRODUCT_BUNDLE_IDENTIFIER = "com.vesperia.BEN-Apps";
				PRODUCT_NAME = "$(TARGET_NAME)";
				SWIFT_OBJC_BRIDGING_HEADER = "BEN Apps/BEN Apps-Bridging-Header.h";
				SWIFT_OPTIMIZATION_LEVEL = "-Onone";
				SWIFT_VERSION = 3.0;
			};
			name = Debug;
		};
		2AAD05251E7BB6C7007FF4AB /* Release */ = {
			isa = XCBuildConfiguration;
			baseConfigurationReference = 59026502C775064A998583B1 /* Pods-BEN Apps.release.xcconfig */;
			buildSettings = {
				ASSETCATALOG_COMPILER_APPICON_NAME = AppIcon;
				CLANG_ENABLE_MODULES = YES;
				DEVELOPMENT_TEAM = LM3646D5FX;
				INFOPLIST_FILE = "BEN Apps/Info.plist";
				IPHONEOS_DEPLOYMENT_TARGET = 8.0;
				LD_RUNPATH_SEARCH_PATHS = "$(inherited) @executable_path/Frameworks";
				PRODUCT_BUNDLE_IDENTIFIER = "com.vesperia.BEN-Apps";
				PRODUCT_NAME = "$(TARGET_NAME)";
				SWIFT_OBJC_BRIDGING_HEADER = "BEN Apps/BEN Apps-Bridging-Header.h";
				SWIFT_VERSION = 3.0;
			};
			name = Release;
		};
		2AAD05271E7BB6C7007FF4AB /* Debug */ = {
			isa = XCBuildConfiguration;
			baseConfigurationReference = 9BFAC8177FC7717790D4C49E /* Pods-BEN AppsTests.debug.xcconfig */;
			buildSettings = {
				ALWAYS_EMBED_SWIFT_STANDARD_LIBRARIES = YES;
				BUNDLE_LOADER = "$(TEST_HOST)";
				INFOPLIST_FILE = "BEN AppsTests/Info.plist";
				LD_RUNPATH_SEARCH_PATHS = "$(inherited) @executable_path/Frameworks @loader_path/Frameworks";
				PRODUCT_BUNDLE_IDENTIFIER = "com.vesperia.BEN-AppsTests";
				PRODUCT_NAME = "$(TARGET_NAME)";
				SWIFT_VERSION = 3.0;
				TEST_HOST = "$(BUILT_PRODUCTS_DIR)/BEN Apps.app/BEN Apps";
			};
			name = Debug;
		};
		2AAD05281E7BB6C7007FF4AB /* Release */ = {
			isa = XCBuildConfiguration;
			baseConfigurationReference = 666876B3BF5ACAAC43AF27FD /* Pods-BEN AppsTests.release.xcconfig */;
			buildSettings = {
				ALWAYS_EMBED_SWIFT_STANDARD_LIBRARIES = YES;
				BUNDLE_LOADER = "$(TEST_HOST)";
				INFOPLIST_FILE = "BEN AppsTests/Info.plist";
				LD_RUNPATH_SEARCH_PATHS = "$(inherited) @executable_path/Frameworks @loader_path/Frameworks";
				PRODUCT_BUNDLE_IDENTIFIER = "com.vesperia.BEN-AppsTests";
				PRODUCT_NAME = "$(TARGET_NAME)";
				SWIFT_VERSION = 3.0;
				TEST_HOST = "$(BUILT_PRODUCTS_DIR)/BEN Apps.app/BEN Apps";
			};
			name = Release;
		};
		2AAD052A1E7BB6C7007FF4AB /* Debug */ = {
			isa = XCBuildConfiguration;
			baseConfigurationReference = B550B6E31705E5B72CB1D92D /* Pods-BEN AppsUITests.debug.xcconfig */;
			buildSettings = {
				ALWAYS_EMBED_SWIFT_STANDARD_LIBRARIES = YES;
				INFOPLIST_FILE = "BEN AppsUITests/Info.plist";
				LD_RUNPATH_SEARCH_PATHS = "$(inherited) @executable_path/Frameworks @loader_path/Frameworks";
				PRODUCT_BUNDLE_IDENTIFIER = "com.vesperia.BEN-AppsUITests";
				PRODUCT_NAME = "$(TARGET_NAME)";
				SWIFT_VERSION = 3.0;
				TEST_TARGET_NAME = "BEN Apps";
			};
			name = Debug;
		};
		2AAD052B1E7BB6C7007FF4AB /* Release */ = {
			isa = XCBuildConfiguration;
			baseConfigurationReference = 1DC252B192D04C6EA42326BC /* Pods-BEN AppsUITests.release.xcconfig */;
			buildSettings = {
				ALWAYS_EMBED_SWIFT_STANDARD_LIBRARIES = YES;
				INFOPLIST_FILE = "BEN AppsUITests/Info.plist";
				LD_RUNPATH_SEARCH_PATHS = "$(inherited) @executable_path/Frameworks @loader_path/Frameworks";
				PRODUCT_BUNDLE_IDENTIFIER = "com.vesperia.BEN-AppsUITests";
				PRODUCT_NAME = "$(TARGET_NAME)";
				SWIFT_VERSION = 3.0;
				TEST_TARGET_NAME = "BEN Apps";
			};
			name = Release;
		};
/* End XCBuildConfiguration section */

/* Begin XCConfigurationList section */
		2AAD04F61E7BB6C7007FF4AB /* Build configuration list for PBXProject "BEN Apps" */ = {
			isa = XCConfigurationList;
			buildConfigurations = (
				2AAD05211E7BB6C7007FF4AB /* Debug */,
				2AAD05221E7BB6C7007FF4AB /* Release */,
			);
			defaultConfigurationIsVisible = 0;
			defaultConfigurationName = Release;
		};
		2AAD05231E7BB6C7007FF4AB /* Build configuration list for PBXNativeTarget "BEN Apps" */ = {
			isa = XCConfigurationList;
			buildConfigurations = (
				2AAD05241E7BB6C7007FF4AB /* Debug */,
				2AAD05251E7BB6C7007FF4AB /* Release */,
			);
			defaultConfigurationIsVisible = 0;
			defaultConfigurationName = Release;
		};
		2AAD05261E7BB6C7007FF4AB /* Build configuration list for PBXNativeTarget "BEN AppsTests" */ = {
			isa = XCConfigurationList;
			buildConfigurations = (
				2AAD05271E7BB6C7007FF4AB /* Debug */,
				2AAD05281E7BB6C7007FF4AB /* Release */,
			);
			defaultConfigurationIsVisible = 0;
			defaultConfigurationName = Release;
		};
		2AAD05291E7BB6C7007FF4AB /* Build configuration list for PBXNativeTarget "BEN AppsUITests" */ = {
			isa = XCConfigurationList;
			buildConfigurations = (
				2AAD052A1E7BB6C7007FF4AB /* Debug */,
				2AAD052B1E7BB6C7007FF4AB /* Release */,
			);
			defaultConfigurationIsVisible = 0;
			defaultConfigurationName = Release;
		};
/* End XCConfigurationList section */
	};
	rootObject = 2AAD04F31E7BB6C7007FF4AB /* Project object */;
}
